
Microsoft Visual Studio Solution File, Format Version 12.00
# Visual Studio 15
VisualStudioVersion = 15.0.26403.3
MinimumVisualStudioVersion = 10.0.40219.1
Project("{FAE04EC0-301F-11D3-BF4B-00C04F79EFBC}") = "SocialLayout.Android", "SocialLayout\SocialLayout.Android\SocialLayout.Android.csproj", "{5249CD19-8C70-428C-BE2E-3EAFE66975D7}"
EndProject
Project("{FAE04EC0-301F-11D3-BF4B-00C04F79EFBC}") = "SocialLayout", "SocialLayout\SocialLayout\SocialLayout.csproj", "{682B54DD-9EAF-45B1-B31F-BC00B606AFBE}"
EndProject
Project("{FAE04EC0-301F-11D3-BF4B-00C04F79EFBC}") = "SocialLayout.iOS", "SocialLayout\SocialLayout.iOS\SocialLayout.iOS.csproj", "{14A7AA9A-E95B-45FD-BF83-6F8FB5CD3A47}"
EndProject
Global
	GlobalSection(SolutionConfigurationPlatforms) = preSolution
		Ad-Hoc|Any CPU = Ad-Hoc|Any CPU
		Ad-Hoc|iPhone = Ad-Hoc|iPhone
		Ad-Hoc|iPhoneSimulator = Ad-Hoc|iPhoneSimulator
		AppStore|Any CPU = AppStore|Any CPU
		AppStore|iPhone = AppStore|iPhone
		AppStore|iPhoneSimulator = AppStore|iPhoneSimulator
		Debug|Any CPU = Debug|Any CPU
		Debug|iPhone = Debug|iPhone
		Debug|iPhoneSimulator = Debug|iPhoneSimulator
		Release|Any CPU = Release|Any CPU
		Release|iPhone = Release|iPhone
		Release|iPhoneSimulator = Release|iPhoneSimulator
	EndGlobalSection
	GlobalSection(ProjectConfigurationPlatforms) = postSolution
		{5249CD19-8C70-428C-BE2E-3EAFE66975D7}.Ad-Hoc|Any CPU.ActiveCfg = Release|Any CPU
		{5249CD19-8C70-428C-BE2E-3EAFE66975D7}.Ad-Hoc|Any CPU.Build.0 = Release|Any CPU
		{5249CD19-8C70-428C-BE2E-3EAFE66975D7}.Ad-Hoc|Any CPU.Deploy.0 = Release|Any CPU
		{5249CD19-8C70-428C-BE2E-3EAFE66975D7}.Ad-Hoc|iPhone.ActiveCfg = Release|Any CPU
		{5249CD19-8C70-428C-BE2E-3EAFE66975D7}.Ad-Hoc|iPhone.Build.0 = Release|Any CPU
		{5249CD19-8C70-428C-BE2E-3EAFE66975D7}.Ad-Hoc|iPhone.Deploy.0 = Release|Any CPU
		{5249CD19-8C70-428C-BE2E-3EAFE66975D7}.Ad-Hoc|iPhoneSimulator.ActiveCfg = Release|Any CPU
		{5249CD19-8C70-428C-BE2E-3EAFE66975D7}.Ad-Hoc|iPhoneSimulator.Build.0 = Release|Any CPU
		{5249CD19-8C70-428C-BE2E-3EAFE66975D7}.Ad-Hoc|iPhoneSimulator.Deploy.0 = Release|Any CPU
		{5249CD19-8C70-428C-BE2E-3EAFE66975D7}.AppStore|Any CPU.ActiveCfg = Release|Any CPU
		{5249CD19-8C70-428C-BE2E-3EAFE66975D7}.AppStore|Any CPU.Build.0 = Release|Any CPU
		{5249CD19-8C70-428C-BE2E-3EAFE66975D7}.AppStore|Any CPU.Deploy.0 = Release|Any CPU
		{5249CD19-8C70-428C-BE2E-3EAFE66975D7}.AppStore|iPhone.ActiveCfg = Release|Any CPU
		{5249CD19-8C70-428C-BE2E-3EAFE66975D7}.AppStore|iPhone.Build.0 = Release|Any CPU
		{5249CD19-8C70-428C-BE2E-3EAFE66975D7}.AppStore|iPhone.Deploy.0 = Release|Any CPU
		{5249CD19-8C70-428C-BE2E-3EAFE66975D7}.AppStore|iPhoneSimulator.ActiveCfg = Release|Any CPU
		{5249CD19-8C70-428C-BE2E-3EAFE66975D7}.AppStore|iPhoneSimulator.Build.0 = Release|Any CPU
		{5249CD19-8C70-428C-BE2E-3EAFE66975D7}.AppStore|iPhoneSimulator.Deploy.0 = Release|Any CPU
		{5249CD19-8C70-428C-BE2E-3EAFE66975D7}.Debug|Any CPU.ActiveCfg = Debug|Any CPU
		{5249CD19-8C70-428C-BE2E-3EAFE66975D7}.Debug|Any CPU.Build.0 = Debug|Any CPU
		{5249CD19-8C70-428C-BE2E-3EAFE66975D7}.Debug|Any CPU.Deploy.0 = Debug|Any CPU
		{5249CD19-8C70-428C-BE2E-3EAFE66975D7}.Debug|iPhone.ActiveCfg = Debug|Any CPU
		{5249CD19-8C70-428C-BE2E-3EAFE66975D7}.Debug|iPhone.Build.0 = Debug|Any CPU
		{5249CD19-8C70-428C-BE2E-3EAFE66975D7}.Debug|iPhone.Deploy.0 = Debug|Any CPU
		{5249CD19-8C70-428C-BE2E-3EAFE66975D7}.Debug|iPhoneSimulator.ActiveCfg = Debug|Any CPU
		{5249CD19-8C70-428C-BE2E-3EAFE66975D7}.Debug|iPhoneSimulator.Build.0 = Debug|Any CPU
		{5249CD19-8C70-428C-BE2E-3EAFE66975D7}.Debug|iPhoneSimulator.Deploy.0 = Debug|Any CPU
		{5249CD19-8C70-428C-BE2E-3EAFE66975D7}.Release|Any CPU.ActiveCfg = Release|Any CPU
		{5249CD19-8C70-428C-BE2E-3EAFE66975D7}.Release|Any CPU.Build.0 = Release|Any CPU
		{5249CD19-8C70-428C-BE2E-3EAFE66975D7}.Release|Any CPU.Deploy.0 = Release|Any CPU
		{5249CD19-8C70-428C-BE2E-3EAFE66975D7}.Release|iPhone.ActiveCfg = Release|Any CPU
		{5249CD19-8C70-428C-BE2E-3EAFE66975D7}.Release|iPhone.Build.0 = Release|Any CPU
		{5249CD19-8C70-428C-BE2E-3EAFE66975D7}.Release|iPhone.Deploy.0 = Release|Any CPU
		{5249CD19-8C70-428C-BE2E-3EAFE66975D7}.Release|iPhoneSimulator.ActiveCfg = Release|Any CPU
		{5249CD19-8C70-428C-BE2E-3EAFE66975D7}.Release|iPhoneSimulator.Build.0 = Release|Any CPU
		{5249CD19-8C70-428C-BE2E-3EAFE66975D7}.Release|iPhoneSimulator.Deploy.0 = Release|Any CPU
		{682B54DD-9EAF-45B1-B31F-BC00B606AFBE}.Ad-Hoc|Any CPU.ActiveCfg = Release|Any CPU
		{682B54DD-9EAF-45B1-B31F-BC00B606AFBE}.Ad-Hoc|Any CPU.Build.0 = Release|Any CPU
		{682B54DD-9EAF-45B1-B31F-BC00B606AFBE}.Ad-Hoc|iPhone.ActiveCfg = Release|Any CPU
		{682B54DD-9EAF-45B1-B31F-BC00B606AFBE}.Ad-Hoc|iPhone.Build.0 = Release|Any CPU
		{682B54DD-9EAF-45B1-B31F-BC00B606AFBE}.Ad-Hoc|iPhoneSimulator.ActiveCfg = Release|Any CPU
		{682B54DD-9EAF-45B1-B31F-BC00B606AFBE}.Ad-Hoc|iPhoneSimulator.Build.0 = Release|Any CPU
		{682B54DD-9EAF-45B1-B31F-BC00B606AFBE}.AppStore|Any CPU.ActiveCfg = Release|Any CPU
		{682B54DD-9EAF-45B1-B31F-BC00B606AFBE}.AppStore|Any CPU.Build.0 = Release|Any CPU
		{682B54DD-9EAF-45B1-B31F-BC00B606AFBE}.AppStore|iPhone.ActiveCfg = Release|Any CPU
		{682B54DD-9EAF-45B1-B31F-BC00B606AFBE}.AppStore|iPhone.Build.0 = Release|Any CPU
		{682B54DD-9EAF-45B1-B31F-BC00B606AFBE}.AppStore|iPhoneSimulator.ActiveCfg = Release|Any CPU
		{682B54DD-9EAF-45B1-B31F-BC00B606AFBE}.AppStore|iPhoneSimulator.Build.0 = Release|Any CPU
		{682B54DD-9EAF-45B1-B31F-BC00B606AFBE}.Debug|Any CPU.ActiveCfg = Debug|Any CPU
		{682B54DD-9EAF-45B1-B31F-BC00B606AFBE}.Debug|Any CPU.Build.0 = Debug|Any CPU
		{682B54DD-9EAF-45B1-B31F-BC00B606AFBE}.Debug|iPhone.ActiveCfg = Debug|Any CPU
		{682B54DD-9EAF-45B1-B31F-BC00B606AFBE}.Debug|iPhone.Build.0 = Debug|Any CPU
		{682B54DD-9EAF-45B1-B31F-BC00B606AFBE}.Debug|iPhoneSimulator.ActiveCfg = Debug|Any CPU
		{682B54DD-9EAF-45B1-B31F-BC00B606AFBE}.Debug|iPhoneSimulator.Build.0 = Debug|Any CPU
		{682B54DD-9EAF-45B1-B31F-BC00B606AFBE}.Release|Any CPU.ActiveCfg = Release|Any CPU
		{682B54DD-9EAF-45B1-B31F-BC00B606AFBE}.Release|Any CPU.Build.0 = Release|Any CPU
		{682B54DD-9EAF-45B1-B31F-BC00B606AFBE}.Release|iPhone.ActiveCfg = Release|Any CPU
		{682B54DD-9EAF-45B1-B31F-BC00B606AFBE}.Release|iPhone.Build.0 = Release|Any CPU
		{682B54DD-9EAF-45B1-B31F-BC00B606AFBE}.Release|iPhoneSimulator.ActiveCfg = Release|Any CPU
		{682B54DD-9EAF-45B1-B31F-BC00B606AFBE}.Release|iPhoneSimulator.Build.0 = Release|Any CPU
		{14A7AA9A-E95B-45FD-BF83-6F8FB5CD3A47}.Ad-Hoc|Any CPU.ActiveCfg = Ad-Hoc|iPhone
		{14A7AA9A-E95B-45FD-BF83-6F8FB5CD3A47}.Ad-Hoc|iPhone.ActiveCfg = Ad-Hoc|iPhone
		{14A7AA9A-E95B-45FD-BF83-6F8FB5CD3A47}.Ad-Hoc|iPhone.Build.0 = Ad-Hoc|iPhone
		{14A7AA9A-E95B-45FD-BF83-6F8FB5CD3A47}.Ad-Hoc|iPhoneSimulator.ActiveCfg = Ad-Hoc|iPhoneSimulator
		{14A7AA9A-E95B-45FD-BF83-6F8FB5CD3A47}.Ad-Hoc|iPhoneSimulator.Build.0 = Ad-Hoc|iPhoneSimulator
		{14A7AA9A-E95B-45FD-BF83-6F8FB5CD3A47}.AppStore|Any CPU.ActiveCfg = AppStore|iPhone
		{14A7AA9A-E95B-45FD-BF83-6F8FB5CD3A47}.AppStore|iPhone.ActiveCfg = AppStore|iPhone
		{14A7AA9A-E95B-45FD-BF83-6F8FB5CD3A47}.AppStore|iPhone.Build.0 = AppStore|iPhone
		{14A7AA9A-E95B-45FD-BF83-6F8FB5CD3A47}.AppStore|iPhoneSimulator.ActiveCfg = AppStore|iPhoneSimulator
		{14A7AA9A-E95B-45FD-BF83-6F8FB5CD3A47}.AppStore|iPhoneSimulator.Build.0 = AppStore|iPhoneSimulator
		{14A7AA9A-E95B-45FD-BF83-6F8FB5CD3A47}.Debug|Any CPU.ActiveCfg = Debug|iPhone
		{14A7AA9A-E95B-45FD-BF83-6F8FB5CD3A47}.Debug|iPhone.ActiveCfg = Debug|iPhone
		{14A7AA9A-E95B-45FD-BF83-6F8FB5CD3A47}.Debug|iPhone.Build.0 = Debug|iPhone
		{14A7AA9A-E95B-45FD-BF83-6F8FB5CD3A47}.Debug|iPhoneSimulator.ActiveCfg = Debug|iPhoneSimulator
		{14A7AA9A-E95B-45FD-BF83-6F8FB5CD3A47}.Debug|iPhoneSimulator.Build.0 = Debug|iPhoneSimulator
		{14A7AA9A-E95B-45FD-BF83-6F8FB5CD3A47}.Release|Any CPU.ActiveCfg = Release|iPhone
		{14A7AA9A-E95B-45FD-BF83-6F8FB5CD3A47}.Release|iPhone.ActiveCfg = Release|iPhone
		{14A7AA9A-E95B-45FD-BF83-6F8FB5CD3A47}.Release|iPhone.Build.0 = Release|iPhone
		{14A7AA9A-E95B-45FD-BF83-6F8FB5CD3A47}.Release|iPhoneSimulator.ActiveCfg = Release|iPhoneSimulator
		{14A7AA9A-E95B-45FD-BF83-6F8FB5CD3A47}.Release|iPhoneSimulator.Build.0 = Release|iPhoneSimulator
	EndGlobalSection
	GlobalSection(SolutionProperties) = preSolution
		HideSolutionNode = FALSE
	EndGlobalSection
EndGlobal
